github.com/caseymrm/askm v1.0.0 h1:Ff5QN5GwuyCzg63++hU1jV+1JVYHYd0sw6KUkVd2GiQ=
github.com/caseymrm/askm v1.0.0/go.mod h1:raj+vtH8SsGkuSg1/970qaONNyNlIb7zFv2LDVk6j+U=
github.com/caseymrm/menuet/v2 v2.14.1 h1:4LZIHhgpNa/94nmAXhx/B4Fs4uhdBDZC/n9O2H0HSF8=
github.com/caseymrm/menuet/v2 v2.14.1/go.mod h1:fw/xps1icldZXguIGgsokmkVgGd51N1h+X6evRuPv8s=
