# This file is automatically @generated by Cargo.
# It is not intended for manual editing.
version = 4

[[package]]
name = "bitflags"
version = "2.13.1"
source = "registry+https://github.com/rust-lang/crates.io-index"
checksum = "b588b76d00fde79687d7646a9b5bdf3cc0f655e0bbd080335a95d7e96f3587da"

[[package]]
name = "cc"
version = "1.2.67"
source = "registry+https://github.com/rust-lang/crates.io-index"
checksum = "e17dd265a7d0f31ef544e1b20e03add05d3b45b491b633b10d67145d2acc1a38"
dependencies = [
 "find-msvc-tools",
 "jobserver",
 "libc",
 "shlex",
]

[[package]]
name = "cfg-if"
version = "1.0.4"
source = "registry+https://github.com/rust-lang/crates.io-index"
checksum = "9330f8b2ff13f34540b44e946ef35111825727b38d33286ef986142615121801"

[[package]]
name = "find-msvc-tools"
version = "0.1.9"
source = "registry+https://github.com/rust-lang/crates.io-index"
checksum = "5baebc0774151f905a1a2cc41989300b1e6fbb29aff0ceffa1064fdd3088d582"

[[package]]
name = "getrandom"
version = "0.4.3"
source = "registry+https://github.com/rust-lang/crates.io-index"
checksum = "300e883d756b2e4ec94e02791f39b04b522276138852cfc41d9fb7e904106099"
dependencies = [
 "cfg-if",
 "libc",
 "r-efi",
]

[[package]]
name = "git2"
version = "0.21.0"
source = "registry+https://github.com/rust-lang/crates.io-index"
checksum = "ddddbf932745a6be37109b6112d3ee09696106f848449069d3a57bba937ab82e"
dependencies = [
 "bitflags",
 "libc",
 "libgit2-sys",
 "log",
]

[[package]]
name = "jobserver"
version = "0.1.35"
source = "registry+https://github.com/rust-lang/crates.io-index"
checksum = "1c00acbd29eabad4a2392fa0e921c874934dbbf4194312ad20f04a0ed67a3cb3"
dependencies = [
 "getrandom",
 "libc",
]

[[package]]
name = "libc"
version = "0.2.186"
source = "registry+https://github.com/rust-lang/crates.io-index"
checksum = "68ab91017fe16c622486840e4c83c9a37afeff978bd239b5293d61ece587de66"

[[package]]
name = "libgit2-sys"
version = "0.18.5+1.9.4"
source = "registry+https://github.com/rust-lang/crates.io-index"
checksum = "005d6ae6eac1912906073e069f7db60b1fa98e052a68227824afe3e3a1c59ca2"
dependencies = [
 "cc",
 "libc",
 "libz-sys",
 "pkg-config",
]

[[package]]
name = "libz-sys"
version = "1.1.29"
source = "registry+https://github.com/rust-lang/crates.io-index"
checksum = "85bc9657773828b90eeb625adff10eeac83cc21bbfd8e23a03eaa8a33c9e28d9"
dependencies = [
 "cc",
 "libc",
 "pkg-config",
 "vcpkg",
]

[[package]]
name = "log"
version = "0.4.33"
source = "registry+https://github.com/rust-lang/crates.io-index"
checksum = "0ceec5bc11778974d1bcb055b18002eba7f4b3518b6a0081b3af5f21666da9ad"

[[package]]
name = "pimped"
version = "0.1.0"
dependencies = [
 "git2",
]

[[package]]
name = "pkg-config"
version = "0.3.33"
source = "registry+https://github.com/rust-lang/crates.io-index"
checksum = "19f132c84eca552bf34cab8ec81f1c1dcc229b811638f9d283dceabe58c5569e"

[[package]]
name = "r-efi"
version = "6.0.0"
source = "registry+https://github.com/rust-lang/crates.io-index"
checksum = "f8dcc9c7d52a811697d2151c701e0d08956f92b0e24136cf4cf27b57a6a0d9bf"

[[package]]
name = "shlex"
version = "2.0.1"
source = "registry+https://github.com/rust-lang/crates.io-index"
checksum = "f8fadd59c855ef2080decdef8ff161eb6661b86933c9d82e5ba29dc602a55aba"

[[package]]
name = "vcpkg"
version = "0.2.15"
source = "registry+https://github.com/rust-lang/crates.io-index"
checksum = "accd4ea62f7bb7a82fe23066fb0957d48ef677f6eeb8215f372f52e48bb32426"
